# This file is automatically @generated by Cargo.
# It is not intended for manual editing.
version = 4

[[package]]
name = "autocfg"
version = "1.5.0"
source = "registry+https://github.com/rust-lang/crates.io-index"
checksum = "c08606f8c3cbf4ce6ec8e28fb0014a2c086708fe954eaa885384a6165172e7e8"

[[package]]
name = "bnum"
version = "0.13.0"
source = "registry+https://github.com/rust-lang/crates.io-index"
checksum = "119771309b95163ec7aaf79810da82f7cd0599c19722d48b9c03894dca833966"

[[package]]
name = "crypto-bigint"
version = "0.6.1"
source = "registry+https://github.com/rust-lang/crates.io-index"
checksum = "96272c2ff28b807e09250b180ad1fb7889a3258f7455759b5c3c58b719467130"
dependencies = [
 "num-traits",
 "subtle",
]

[[package]]
name = "fixed-bigint"
version = "0.1.17"
source = "registry+https://github.com/rust-lang/crates.io-index"
checksum = "fee0701cee3dc4d6b6b2913877c6488f7684753700c99dd40d0736c6467df8d2"
dependencies = [
 "num-integer",
 "num-traits",
]

[[package]]
name = "num-integer"
version = "0.1.46"
source = "registry+https://github.com/rust-lang/crates.io-index"
checksum = "7969661fd2958a5cb096e56c8e1ad0444ac2bbcd0061bd28660485a44879858f"
dependencies = [
 "num-traits",
]

[[package]]
name = "num-traits"
version = "0.2.19"
source = "registry+https://github.com/rust-lang/crates.io-index"
checksum = "071dfc062690e90b734c0b2273ce72ad0ffa95f0c74596bc250dcfd960262841"
dependencies = [
 "autocfg",
]

[[package]]
name = "stake-ebpf-check"
version = "0.1.0"
dependencies = [
 "bnum",
 "crypto-bigint",
 "fixed-bigint",
]

[[package]]
name = "subtle"
version = "2.6.1"
source = "registry+https://github.com/rust-lang/crates.io-index"
checksum = "13c2bddecc57b384dee18652358fb23172facb8a2c51ccc10d74c157bdea3292"
